
Microsoft Visual Studio Solution File, Format Version 12.00
# Visual Studio Version 16
VisualStudioVersion = 16.0.30717.126
MinimumVisualStudioVersion = 10.0.40219.1
Project("{9A19103F-16F7-4668-BE54-9A1E7A4F7556}") = "ConsoleApplication", "ConsoleApplication\ConsoleApplication.csproj", "{A11ED674-19DE-4FD8-8D15-FF60065BE72F}"
EndProject
Project("{9A19103F-16F7-4668-BE54-9A1E7A4F7556}") = "GameLogic", "GameLogic\GameLogic.csproj", "{F271AD8F-0728-4C99-926E-C2DC22AA2FBC}"
EndProject
Project("{FAE04EC0-301F-11D3-BF4B-00C04F79EFBC}") = "SeaBattle.Tests", "SeaBattle.Tests\SeaBattle.Tests.csproj", "{C5B8FCF9-D802-47A1-B203-B57B5C6EFC70}"
EndProject
Global
	GlobalSection(SolutionConfigurationPlatforms) = preSolution
		Debug|Any CPU = Debug|Any CPU
		Release|Any CPU = Release|Any CPU
	EndGlobalSection
	GlobalSection(ProjectConfigurationPlatforms) = postSolution
		{A11ED674-19DE-4FD8-8D15-FF60065BE72F}.Debug|Any CPU.ActiveCfg = Debug|Any CPU
		{A11ED674-19DE-4FD8-8D15-FF60065BE72F}.Debug|Any CPU.Build.0 = Debug|Any CPU
		{A11ED674-19DE-4FD8-8D15-FF60065BE72F}.Release|Any CPU.ActiveCfg = Release|Any CPU
		{A11ED674-19DE-4FD8-8D15-FF60065BE72F}.Release|Any CPU.Build.0 = Release|Any CPU
		{F271AD8F-0728-4C99-926E-C2DC22AA2FBC}.Debug|Any CPU.ActiveCfg = Debug|Any CPU
		{F271AD8F-0728-4C99-926E-C2DC22AA2FBC}.Debug|Any CPU.Build.0 = Debug|Any CPU
		{F271AD8F-0728-4C99-926E-C2DC22AA2FBC}.Release|Any CPU.ActiveCfg = Release|Any CPU
		{F271AD8F-0728-4C99-926E-C2DC22AA2FBC}.Release|Any CPU.Build.0 = Release|Any CPU
		{C5B8FCF9-D802-47A1-B203-B57B5C6EFC70}.Debug|Any CPU.ActiveCfg = Debug|Any CPU
		{C5B8FCF9-D802-47A1-B203-B57B5C6EFC70}.Debug|Any CPU.Build.0 = Debug|Any CPU
		{C5B8FCF9-D802-47A1-B203-B57B5C6EFC70}.Release|Any CPU.ActiveCfg = Release|Any CPU
		{C5B8FCF9-D802-47A1-B203-B57B5C6EFC70}.Release|Any CPU.Build.0 = Release|Any CPU
	EndGlobalSection
	GlobalSection(SolutionProperties) = preSolution
		HideSolutionNode = FALSE
	EndGlobalSection
	GlobalSection(ExtensibilityGlobals) = postSolution
		SolutionGuid = {A844600A-83D3-4172-A6F2-6AE31EE68CE4}
	EndGlobalSection
EndGlobal
